<?xml version="1.0" encoding="utf-8"?>
<Project ToolsVersion="4.0" xmlns="http://schemas.microsoft.com/developer/msbuild/2003">
  <ItemGroup>
    <Filter Include="Source Files">
      <UniqueIdentifier>{4FC737F1-C7A5-4376-A066-2A32D752A2FF}</UniqueIdentifier>
      <Extensions>cpp;c;cc;cxx;c++;cppm;ixx;def;odl;idl;hpj;bat;asm;asmx</Extensions>
    </Filter>
    <Filter Include="Header Files">
      <UniqueIdentifier>{93995380-89BD-4b04-88EB-625FBE52EBFB}</UniqueIdentifier>
      <Extensions>h;hh;hpp;hxx;h++;hm;inl;inc;ipp;xsd</Extensions>
    </Filter>
    <Filter Include="Resource Files">
      <UniqueIdentifier>{67DA6AB6-F800-4c08-8B7A-83BB121AAD01}</UniqueIdentifier>
      <Extensions>rc;ico;cur;bmp;dlg;rc2;rct;bin;rgs;gif;jpg;jpeg;jpe;resx;tiff;tif;png;wav;mfcribbon-ms</Extensions>
    </Filter>
  </ItemGroup>
  <ItemGroup>
    <ClInclude Include="cpp\src\pch.h">
      <Filter>Header Files</Filter>
    </ClInclude>
    <ClInclude Include="cpp\src\data_structures\linked_list.h">
      <Filter>Header Files</Filter>
    </ClInclude>
    <ClInclude Include="cpp\src\tests\linked_list_tests.h">
      <Filter>Header Files</Filter>
    </ClInclude>
    <ClInclude Include="cpp\src\data_structures\doubly_linked_list.h">
      <Filter>Header Files</Filter>
    </ClInclude>
    <ClInclude Include="cpp\src\tests\doubly_linked_list_tests.h">
      <Filter>Header Files</Filter>
    </ClInclude>
    <ClInclude Include="cpp\src\engine\utilities\engine_interfaces.h">
      <Filter>Header Files</Filter>
    </ClInclude>
    <ClInclude Include="cpp\src\platform\windows\utilities\co_initialize.h">
      <Filter>Header Files</Filter>
    </ClInclude>
    <ClInclude Include="cpp\src\platform\windows\base\application.h">
      <Filter>Header Files</Filter>
    </ClInclude>
    <ClInclude Include="cpp\src\engine\input\keyboard.h">
      <Filter>Header Files</Filter>
    </ClInclude>
    <ClInclude Include="cpp\src\engine\input\mouse.h">
      <Filter>Header Files</Filter>
    </ClInclude>
    <ClInclude Include="cpp\src\engine\input\input_constants.h">
      <Filter>Header Files</Filter>
    </ClInclude>
    <ClInclude Include="cpp\src\platform\windows\graphics\d3d_resources.h">
      <Filter>Header Files</Filter>
    </ClInclude>
    <ClInclude Include="cpp\src\platform\windows\resources\resource_definitions.h">
      <Filter>Header Files</Filter>
    </ClInclude>
    <ClInclude Include="cpp\src\platform\windows\resources\resource_loader.h">
      <Filter>Header Files</Filter>
    </ClInclude>
    <ClInclude Include="cpp\src\platform\windows\graphics\d3d_renderer.h">
      <Filter>Header Files</Filter>
    </ClInclude>
    <ClInclude Include="cpp\src\platform\windows\graphics\buffer_descriptors.h">
      <Filter>Header Files</Filter>
    </ClInclude>
    <ClInclude Include="cpp\src\platform\windows\base\showcase_controller.h">
      <Filter>Header Files</Filter>
    </ClInclude>
    <ClInclude Include="cpp\src\engine\utilities\step_timer.h">
      <Filter>Header Files</Filter>
    </ClInclude>
  </ItemGroup>
  <ItemGroup>
    <ClCompile Include="cpp\src\pch.cpp">
      <Filter>Source Files</Filter>
    </ClCompile>
    <ClCompile Include="cpp\src\main.cpp">
      <Filter>Source Files</Filter>
    </ClCompile>
    <ClCompile Include="cpp\src\platform\windows\base\application.cpp">
      <Filter>Source Files</Filter>
    </ClCompile>
    <ClCompile Include="cpp\src\engine\input\keyboard.cpp">
      <Filter>Source Files</Filter>
    </ClCompile>
    <ClCompile Include="cpp\src\engine\input\mouse.cpp">
      <Filter>Source Files</Filter>
    </ClCompile>
    <ClCompile Include="cpp\src\platform\windows\graphics\d3d_resources.cpp">
      <Filter>Source Files</Filter>
    </ClCompile>
    <ClCompile Include="cpp\src\platform\windows\resources\resource_loader.cpp">
      <Filter>Source Files</Filter>
    </ClCompile>
    <ClCompile Include="cpp\src\platform\windows\graphics\d3d_renderer.cpp">
      <Filter>Source Files</Filter>
    </ClCompile>
    <ClCompile Include="cpp\src\platform\windows\base\showcase_controller.cpp">
      <Filter>Source Files</Filter>
    </ClCompile>
  </ItemGroup>
</Project>